{
  "requires": true,
  "lockfileVersion": 1,
  "dependencies": {
    "@mdi/font": {
      "version": "4.7.95",
      "resolved": "https://registry.npmjs.org/@mdi/font/-/font-4.7.95.tgz",
      "integrity": "sha512-/SWooHIFz2dXkQJk3VhEXSbBplOU1lIkGSELAmw0peFEgR8KPqyM//M3vD8WDZETuEOSRVhVqLevP3okrsM5dw=="
    },
    "angular": {
      "version": "1.7.9",
      "resolved": "https://registry.npmjs.org/angular/-/angular-1.7.9.tgz",
      "integrity": "sha512-5se7ZpcOtu0MBFlzGv5dsM1quQDoDeUTwZrWjGtTNA7O88cD8TEk5IEKCTDa3uECV9XnvKREVUr7du1ACiWGFQ=="
    },
    "angular-animate": {
      "version": "1.7.9",
      "resolved": "https://registry.npmjs.org/angular-animate/-/angular-animate-1.7.9.tgz",
      "integrity": "sha512-fV+AISy/HTzurQH2ngsJg+lLIvfu0ahc1h4AYKauaXVw97rZc2k4iUA1bMstiEyClsdayQX568kjQc1NK+oYhw=="
    },
    "angular-aria": {
      "version": "1.7.9",
      "resolved": "https://registry.npmjs.org/angular-aria/-/angular-aria-1.7.9.tgz",
      "integrity": "sha512-luI3Jemd1AbOQW0krdzfEG3fM0IFtLY0bSSqIDEx3POE0XjKIC1MkrO8Csyq9PPgueLphyAPofzUwZ8YeZ88SA=="
    },
    "angular-material": {
      "version": "1.1.21",
      "resolved": "https://registry.npmjs.org/angular-material/-/angular-material-1.1.21.tgz",
      "integrity": "sha512-BiqvEu82dqQ4Sb4OjJHdVp/YJvFEMrtr7K2eS+6qlWPWUiF9K2K6IkX2H3p0wD7QlscjTz8n9W8uKL46PQjlCQ=="
    },
    "mdi": {
      "version": "2.2.43",
      "resolved": "https://registry.npmjs.org/mdi/-/mdi-2.2.43.tgz",
      "integrity": "sha512-g3m6z4303qieltUM20JL2gdsJZvoVzIzO74qa2XxZ2kg9JPwrPEAgooVhRDHZi1vvRh0gB8Dg+c9XqNdz4jcIg=="
    }
  }
}
